
Microsoft Visual Studio Solution File, Format Version 12.00
# Visual Studio Version 17
VisualStudioVersion = 17.5.33424.131
MinimumVisualStudioVersion = 10.0.40219.1
Project("{FAE04EC0-301F-11D3-BF4B-00C04F79EFBC}") = "photoDateModifier", "photoDateModifier\photoDateModifier.csproj", "{F556560B-F656-41B2-948C-21AAC3334F0C}"
EndProject
Project("{8BC9CEB8-8B4A-11D0-8D11-00A0C91BC942}") = "exiv2Wrapper", "exiv2Wrapper\exiv2Wrapper.vcxproj", "{7E343A07-925E-4612-94FD-006DE541DABD}"
EndProject
Global
	GlobalSection(SolutionConfigurationPlatforms) = preSolution
		Debug|Any CPU = Debug|Any CPU
		Debug|x64 = Debug|x64
		Debug|x86 = Debug|x86
		Release|Any CPU = Release|Any CPU
		Release|x64 = Release|x64
		Release|x86 = Release|x86
	EndGlobalSection
	GlobalSection(ProjectConfigurationPlatforms) = postSolution
		{F556560B-F656-41B2-948C-21AAC3334F0C}.Debug|Any CPU.ActiveCfg = Debug|Any CPU
		{F556560B-F656-41B2-948C-21AAC3334F0C}.Debug|Any CPU.Build.0 = Debug|Any CPU
		{F556560B-F656-41B2-948C-21AAC3334F0C}.Debug|x64.ActiveCfg = Debug|Any CPU
		{F556560B-F656-41B2-948C-21AAC3334F0C}.Debug|x64.Build.0 = Debug|Any CPU
		{F556560B-F656-41B2-948C-21AAC3334F0C}.Debug|x86.ActiveCfg = Debug|Any CPU
		{F556560B-F656-41B2-948C-21AAC3334F0C}.Debug|x86.Build.0 = Debug|Any CPU
		{F556560B-F656-41B2-948C-21AAC3334F0C}.Release|Any CPU.ActiveCfg = Release|Any CPU
		{F556560B-F656-41B2-948C-21AAC3334F0C}.Release|Any CPU.Build.0 = Release|Any CPU
		{F556560B-F656-41B2-948C-21AAC3334F0C}.Release|x64.ActiveCfg = Release|x64
		{F556560B-F656-41B2-948C-21AAC3334F0C}.Release|x64.Build.0 = Release|x64
		{F556560B-F656-41B2-948C-21AAC3334F0C}.Release|x86.ActiveCfg = Release|Any CPU
		{F556560B-F656-41B2-948C-21AAC3334F0C}.Release|x86.Build.0 = Release|Any CPU
		{7E343A07-925E-4612-94FD-006DE541DABD}.Debug|Any CPU.ActiveCfg = Debug|x64
		{7E343A07-925E-4612-94FD-006DE541DABD}.Debug|Any CPU.Build.0 = Debug|x64
		{7E343A07-925E-4612-94FD-006DE541DABD}.Debug|x64.ActiveCfg = Debug|x64
		{7E343A07-925E-4612-94FD-006DE541DABD}.Debug|x64.Build.0 = Debug|x64
		{7E343A07-925E-4612-94FD-006DE541DABD}.Debug|x86.ActiveCfg = Debug|Win32
		{7E343A07-925E-4612-94FD-006DE541DABD}.Debug|x86.Build.0 = Debug|Win32
		{7E343A07-925E-4612-94FD-006DE541DABD}.Release|Any CPU.ActiveCfg = Release|x64
		{7E343A07-925E-4612-94FD-006DE541DABD}.Release|Any CPU.Build.0 = Release|x64
		{7E343A07-925E-4612-94FD-006DE541DABD}.Release|x64.ActiveCfg = Release|x64
		{7E343A07-925E-4612-94FD-006DE541DABD}.Release|x64.Build.0 = Release|x64
		{7E343A07-925E-4612-94FD-006DE541DABD}.Release|x86.ActiveCfg = Release|Win32
		{7E343A07-925E-4612-94FD-006DE541DABD}.Release|x86.Build.0 = Release|Win32
	EndGlobalSection
	GlobalSection(SolutionProperties) = preSolution
		HideSolutionNode = FALSE
	EndGlobalSection
	GlobalSection(ExtensibilityGlobals) = postSolution
		SolutionGuid = {DCC8F3A5-DF2E-4E40-9E2B-56C425C3DE31}
	EndGlobalSection
EndGlobal
